
Microsoft Visual Studio Solution File, Format Version 12.00
# Visual Studio Version 16
VisualStudioVersion = 16.0.29021.104
MinimumVisualStudioVersion = 10.0.40219.1
Project("{2150E333-8FDC-42A3-9474-1A3956D46DE8}") = "src", "src", "{8BE38F45-EF85-4AE2-97DC-8A6EC9226388}"
EndProject
Project("{2150E333-8FDC-42A3-9474-1A3956D46DE8}") = "Solution Items", "Solution Items", "{FDA0587F-EC3D-44C5-BB91-EED57DC928BB}"
	ProjectSection(SolutionItems) = preProject
		global.json = global.json
	EndProjectSection
EndProject
Project("{9A19103F-16F7-4668-BE54-9A1E7A4F7556}") = "EA.TMS.Common", "src\EA.TMS.Common\EA.TMS.Common.csproj", "{37AC5DC1-4F68-4152-A7D5-4A7F34884DFF}"
EndProject
Project("{9A19103F-16F7-4668-BE54-9A1E7A4F7556}") = "EA.TMS.DataAccess", "src\EA.TMS.DataAccess\EA.TMS.DataAccess.csproj", "{1DEFD37F-062D-4D8F-B544-B746C195179A}"
EndProject
Project("{9A19103F-16F7-4668-BE54-9A1E7A4F7556}") = "EA.TMS.ServiceApp", "src\EA.TMS.ServiceApp\EA.TMS.ServiceApp.csproj", "{027EAB71-74A7-4C5C-8D4D-095A3819D0E5}"
EndProject
Project("{9A19103F-16F7-4668-BE54-9A1E7A4F7556}") = "EA.TMS.BusinessLayer", "src\EA.TMS.BusinessLayer\EA.TMS.BusinessLayer.csproj", "{DC659A68-7BF3-4DA2-81D6-6425E600FBF7}"
EndProject
Project("{9A19103F-16F7-4668-BE54-9A1E7A4F7556}") = "EA.TMS.WebApp", "src\EA.TMS.WebApp\EA.TMS.WebApp.csproj", "{90F9C746-32BD-449A-AFA4-377DC96082FB}"
EndProject
Project("{9A19103F-16F7-4668-BE54-9A1E7A4F7556}") = "EA.TMS.CAS", "src\EA.TMS.CAS\EA.TMS.CAS.csproj", "{878AFE3F-8A16-4D4E-9260-E371C9B9F53C}"
EndProject
Global
	GlobalSection(SolutionConfigurationPlatforms) = preSolution
		Debug|Any CPU = Debug|Any CPU
		Release|Any CPU = Release|Any CPU
	EndGlobalSection
	GlobalSection(ProjectConfigurationPlatforms) = postSolution
		{37AC5DC1-4F68-4152-A7D5-4A7F34884DFF}.Debug|Any CPU.ActiveCfg = Debug|Any CPU
		{37AC5DC1-4F68-4152-A7D5-4A7F34884DFF}.Debug|Any CPU.Build.0 = Debug|Any CPU
		{37AC5DC1-4F68-4152-A7D5-4A7F34884DFF}.Release|Any CPU.ActiveCfg = Release|Any CPU
		{37AC5DC1-4F68-4152-A7D5-4A7F34884DFF}.Release|Any CPU.Build.0 = Release|Any CPU
		{1DEFD37F-062D-4D8F-B544-B746C195179A}.Debug|Any CPU.ActiveCfg = Debug|Any CPU
		{1DEFD37F-062D-4D8F-B544-B746C195179A}.Debug|Any CPU.Build.0 = Debug|Any CPU
		{1DEFD37F-062D-4D8F-B544-B746C195179A}.Release|Any CPU.ActiveCfg = Release|Any CPU
		{1DEFD37F-062D-4D8F-B544-B746C195179A}.Release|Any CPU.Build.0 = Release|Any CPU
		{027EAB71-74A7-4C5C-8D4D-095A3819D0E5}.Debug|Any CPU.ActiveCfg = Debug|Any CPU
		{027EAB71-74A7-4C5C-8D4D-095A3819D0E5}.Debug|Any CPU.Build.0 = Debug|Any CPU
		{027EAB71-74A7-4C5C-8D4D-095A3819D0E5}.Release|Any CPU.ActiveCfg = Release|Any CPU
		{027EAB71-74A7-4C5C-8D4D-095A3819D0E5}.Release|Any CPU.Build.0 = Release|Any CPU
		{DC659A68-7BF3-4DA2-81D6-6425E600FBF7}.Debug|Any CPU.ActiveCfg = Debug|Any CPU
		{DC659A68-7BF3-4DA2-81D6-6425E600FBF7}.Debug|Any CPU.Build.0 = Debug|Any CPU
		{DC659A68-7BF3-4DA2-81D6-6425E600FBF7}.Release|Any CPU.ActiveCfg = Release|Any CPU
		{DC659A68-7BF3-4DA2-81D6-6425E600FBF7}.Release|Any CPU.Build.0 = Release|Any CPU
		{90F9C746-32BD-449A-AFA4-377DC96082FB}.Debug|Any CPU.ActiveCfg = Debug|Any CPU
		{90F9C746-32BD-449A-AFA4-377DC96082FB}.Debug|Any CPU.Build.0 = Debug|Any CPU
		{90F9C746-32BD-449A-AFA4-377DC96082FB}.Release|Any CPU.ActiveCfg = Release|Any CPU
		{90F9C746-32BD-449A-AFA4-377DC96082FB}.Release|Any CPU.Build.0 = Release|Any CPU
		{878AFE3F-8A16-4D4E-9260-E371C9B9F53C}.Debug|Any CPU.ActiveCfg = Debug|Any CPU
		{878AFE3F-8A16-4D4E-9260-E371C9B9F53C}.Debug|Any CPU.Build.0 = Debug|Any CPU
		{878AFE3F-8A16-4D4E-9260-E371C9B9F53C}.Release|Any CPU.ActiveCfg = Release|Any CPU
		{878AFE3F-8A16-4D4E-9260-E371C9B9F53C}.Release|Any CPU.Build.0 = Release|Any CPU
	EndGlobalSection
	GlobalSection(SolutionProperties) = preSolution
		HideSolutionNode = FALSE
	EndGlobalSection
	GlobalSection(NestedProjects) = preSolution
		{37AC5DC1-4F68-4152-A7D5-4A7F34884DFF} = {8BE38F45-EF85-4AE2-97DC-8A6EC9226388}
		{1DEFD37F-062D-4D8F-B544-B746C195179A} = {8BE38F45-EF85-4AE2-97DC-8A6EC9226388}
		{027EAB71-74A7-4C5C-8D4D-095A3819D0E5} = {8BE38F45-EF85-4AE2-97DC-8A6EC9226388}
		{DC659A68-7BF3-4DA2-81D6-6425E600FBF7} = {8BE38F45-EF85-4AE2-97DC-8A6EC9226388}
		{90F9C746-32BD-449A-AFA4-377DC96082FB} = {8BE38F45-EF85-4AE2-97DC-8A6EC9226388}
		{878AFE3F-8A16-4D4E-9260-E371C9B9F53C} = {8BE38F45-EF85-4AE2-97DC-8A6EC9226388}
	EndGlobalSection
	GlobalSection(ExtensibilityGlobals) = postSolution
		SolutionGuid = {0BE072C4-456C-4181-B37B-D344FF600669}
	EndGlobalSection
EndGlobal
