
Microsoft Visual Studio Solution File, Format Version 12.00
# Visual Studio Version 16
VisualStudioVersion = 16.0.29021.104
MinimumVisualStudioVersion = 10.0.40219.1
Project("{2150E333-8FDC-42A3-9474-1A3956D46DE8}") = "src", "src", "{9891426F-B1C0-4E91-B606-F3CA7322ED1F}"
EndProject
Project("{2150E333-8FDC-42A3-9474-1A3956D46DE8}") = "Solution Items", "Solution Items", "{3BFA1623-974C-44F6-9C2C-48DCA065A240}"
	ProjectSection(SolutionItems) = preProject
		global.json = global.json
	EndProjectSection
EndProject
Project("{9A19103F-16F7-4668-BE54-9A1E7A4F7556}") = "Identity", "src\Identity\Identity.csproj", "{0520FE81-B1D9-451A-8955-F772E0338479}"
EndProject
Project("{9A19103F-16F7-4668-BE54-9A1E7A4F7556}") = "IdentityEmptyProject", "src\IdentityEmptyProject\IdentityEmptyProject.csproj", "{8FA3528A-D85F-422E-BDF0-C752ECA3E5F6}"
EndProject
Project("{9A19103F-16F7-4668-BE54-9A1E7A4F7556}") = "CookieAuthentication", "src\CookieAuthentication\CookieAuthentication.csproj", "{61BCF9C0-B8C8-41E9-9C2A-97A7EBB39239}"
EndProject
Project("{9A19103F-16F7-4668-BE54-9A1E7A4F7556}") = "ExternalAuthentication", "ExternalAuthentication\ExternalAuthentication.csproj", "{B044A7C7-C356-45CB-A31F-566733DD0CE4}"
EndProject
Project("{9A19103F-16F7-4668-BE54-9A1E7A4F7556}") = "2FA", "src\2FA\2FA.csproj", "{9EA3C713-C89B-4D1D-937F-EBDEC5F8AABD}"
EndProject
Project("{9A19103F-16F7-4668-BE54-9A1E7A4F7556}") = "IdentityServer4Identity", "src\IdentityServer4Identity\IdentityServer4Identity.csproj", "{9DE592D5-8FAF-4DE1-B48F-7F2C8E1ED5FF}"
EndProject
Global
	GlobalSection(SolutionConfigurationPlatforms) = preSolution
		Debug|Any CPU = Debug|Any CPU
		Release|Any CPU = Release|Any CPU
	EndGlobalSection
	GlobalSection(ProjectConfigurationPlatforms) = postSolution
		{0520FE81-B1D9-451A-8955-F772E0338479}.Debug|Any CPU.ActiveCfg = Debug|Any CPU
		{0520FE81-B1D9-451A-8955-F772E0338479}.Debug|Any CPU.Build.0 = Debug|Any CPU
		{0520FE81-B1D9-451A-8955-F772E0338479}.Release|Any CPU.ActiveCfg = Release|Any CPU
		{0520FE81-B1D9-451A-8955-F772E0338479}.Release|Any CPU.Build.0 = Release|Any CPU
		{8FA3528A-D85F-422E-BDF0-C752ECA3E5F6}.Debug|Any CPU.ActiveCfg = Debug|Any CPU
		{8FA3528A-D85F-422E-BDF0-C752ECA3E5F6}.Debug|Any CPU.Build.0 = Debug|Any CPU
		{8FA3528A-D85F-422E-BDF0-C752ECA3E5F6}.Release|Any CPU.ActiveCfg = Release|Any CPU
		{8FA3528A-D85F-422E-BDF0-C752ECA3E5F6}.Release|Any CPU.Build.0 = Release|Any CPU
		{61BCF9C0-B8C8-41E9-9C2A-97A7EBB39239}.Debug|Any CPU.ActiveCfg = Debug|Any CPU
		{61BCF9C0-B8C8-41E9-9C2A-97A7EBB39239}.Debug|Any CPU.Build.0 = Debug|Any CPU
		{61BCF9C0-B8C8-41E9-9C2A-97A7EBB39239}.Release|Any CPU.ActiveCfg = Release|Any CPU
		{61BCF9C0-B8C8-41E9-9C2A-97A7EBB39239}.Release|Any CPU.Build.0 = Release|Any CPU
		{B044A7C7-C356-45CB-A31F-566733DD0CE4}.Debug|Any CPU.ActiveCfg = Debug|Any CPU
		{B044A7C7-C356-45CB-A31F-566733DD0CE4}.Debug|Any CPU.Build.0 = Debug|Any CPU
		{B044A7C7-C356-45CB-A31F-566733DD0CE4}.Release|Any CPU.ActiveCfg = Release|Any CPU
		{B044A7C7-C356-45CB-A31F-566733DD0CE4}.Release|Any CPU.Build.0 = Release|Any CPU
		{9EA3C713-C89B-4D1D-937F-EBDEC5F8AABD}.Debug|Any CPU.ActiveCfg = Debug|Any CPU
		{9EA3C713-C89B-4D1D-937F-EBDEC5F8AABD}.Debug|Any CPU.Build.0 = Debug|Any CPU
		{9EA3C713-C89B-4D1D-937F-EBDEC5F8AABD}.Release|Any CPU.ActiveCfg = Release|Any CPU
		{9EA3C713-C89B-4D1D-937F-EBDEC5F8AABD}.Release|Any CPU.Build.0 = Release|Any CPU
		{9DE592D5-8FAF-4DE1-B48F-7F2C8E1ED5FF}.Debug|Any CPU.ActiveCfg = Debug|Any CPU
		{9DE592D5-8FAF-4DE1-B48F-7F2C8E1ED5FF}.Debug|Any CPU.Build.0 = Debug|Any CPU
		{9DE592D5-8FAF-4DE1-B48F-7F2C8E1ED5FF}.Release|Any CPU.ActiveCfg = Release|Any CPU
		{9DE592D5-8FAF-4DE1-B48F-7F2C8E1ED5FF}.Release|Any CPU.Build.0 = Release|Any CPU
	EndGlobalSection
	GlobalSection(SolutionProperties) = preSolution
		HideSolutionNode = FALSE
	EndGlobalSection
	GlobalSection(NestedProjects) = preSolution
		{0520FE81-B1D9-451A-8955-F772E0338479} = {9891426F-B1C0-4E91-B606-F3CA7322ED1F}
		{8FA3528A-D85F-422E-BDF0-C752ECA3E5F6} = {9891426F-B1C0-4E91-B606-F3CA7322ED1F}
		{61BCF9C0-B8C8-41E9-9C2A-97A7EBB39239} = {9891426F-B1C0-4E91-B606-F3CA7322ED1F}
		{B044A7C7-C356-45CB-A31F-566733DD0CE4} = {9891426F-B1C0-4E91-B606-F3CA7322ED1F}
		{9EA3C713-C89B-4D1D-937F-EBDEC5F8AABD} = {9891426F-B1C0-4E91-B606-F3CA7322ED1F}
		{9DE592D5-8FAF-4DE1-B48F-7F2C8E1ED5FF} = {9891426F-B1C0-4E91-B606-F3CA7322ED1F}
	EndGlobalSection
	GlobalSection(ExtensibilityGlobals) = postSolution
		SolutionGuid = {A160AFE8-E91D-4FE9-AA7E-3B908D058B5C}
	EndGlobalSection
EndGlobal
