
Microsoft Visual Studio Solution File, Format Version 12.00
# Visual Studio Version 16
VisualStudioVersion = 16.0.29021.104
MinimumVisualStudioVersion = 10.0.40219.1
Project("{9A19103F-16F7-4668-BE54-9A1E7A4F7556}") = "Chapter3", "Chapter3\Chapter3.csproj", "{62BF9F08-D704-4744-A0B8-F2F6C1A21DB7}"
EndProject
Global
	GlobalSection(SolutionConfigurationPlatforms) = preSolution
		Debug|Any CPU = Debug|Any CPU
		Release|Any CPU = Release|Any CPU
	EndGlobalSection
	GlobalSection(ProjectConfigurationPlatforms) = postSolution
		{62BF9F08-D704-4744-A0B8-F2F6C1A21DB7}.Debug|Any CPU.ActiveCfg = Debug|Any CPU
		{62BF9F08-D704-4744-A0B8-F2F6C1A21DB7}.Debug|Any CPU.Build.0 = Debug|Any CPU
		{62BF9F08-D704-4744-A0B8-F2F6C1A21DB7}.Release|Any CPU.ActiveCfg = Release|Any CPU
		{62BF9F08-D704-4744-A0B8-F2F6C1A21DB7}.Release|Any CPU.Build.0 = Release|Any CPU
	EndGlobalSection
	GlobalSection(SolutionProperties) = preSolution
		HideSolutionNode = FALSE
	EndGlobalSection
	GlobalSection(ExtensibilityGlobals) = postSolution
		SolutionGuid = {868A9212-F53E-4E4C-8FA1-8F1A07E10568}
	EndGlobalSection
EndGlobal
